// !$*UTF8*$!
{
	archiveVersion = 1;
	classes = {
	};
	objectVersion = 51;
	objects = {

/* Begin PBXBuildFile section */
		4BFFB1E2947A64388057A02C /* Pods_ios_demo.framework in Frameworks */ = {isa = PBXBuildFile; fileRef = 5B9C68E3356A6BDF8F62CE20 /* Pods_ios_demo.framework */; };
		54D23A4A2468EFCC00F19423 /* AppDelegate.m in Sources */ = {isa = PBXBuildFile; fileRef = 54D23A492468EFCC00F19423 /* AppDelegate.m */; };
		54D23A502468EFCC00F19423 /* ViewController.m in Sources */ = {isa = PBXBuildFile; fileRef = 54D23A4F2468EFCC00F19423 /* ViewController.m */; };
		54D23A552468EFCD00F19423 /* Assets.xcassets in Resources */ = {isa = PBXBuildFile; fileRef = 54D23A542468EFCD00F19423 /* Assets.xcassets */; };
		54D23A582468EFCD00F19423 /* LaunchScreen.storyboard in Resources */ = {isa = PBXBuildFile; fileRef = 54D23A562468EFCD00F19423 /* LaunchScreen.storyboard */; };
		54D23A5B2468EFCD00F19423 /* main.m in Sources */ = {isa = PBXBuildFile; fileRef = 54D23A5A2468EFCD00F19423 /* main.m */; };
		54D30DD4247CEA6000715200 /* WebViewController.m in Sources */ = {isa = PBXBuildFile; fileRef = 54D30DD3247CEA6000715200 /* WebViewController.m */; };
		54D30E08247D188E00715200 /* TVAutoHeightVC.m in Sources */ = {isa = PBXBuildFile; fileRef = 54D30E07247D188E00715200 /* TVAutoHeightVC.m */; };
		54D30E0B247D18AD00715200 /* TVAutoHeightCell.m in Sources */ = {isa = PBXBuildFile; fileRef = 54D30E0A247D18AD00715200 /* TVAutoHeightCell.m */; };
		54D30E0F247D1A4400715200 /* Model.m in Sources */ = {isa = PBXBuildFile; fileRef = 54D30E0E247D1A4400715200 /* Model.m */; };
		54D30E30247D1CA000715200 /* UILabel+Extension.m in Sources */ = {isa = PBXBuildFile; fileRef = 54D30E16247D1CA000715200 /* UILabel+Extension.m */; };
		54D30E35247D1CA000715200 /* NSString+Extension.m in Sources */ = {isa = PBXBuildFile; fileRef = 54D30E24247D1CA000715200 /* NSString+Extension.m */; };
		54D30E3E247D1D2200715200 /* UIView+Extension.m in Sources */ = {isa = PBXBuildFile; fileRef = 54D30E3D247D1D2200715200 /* UIView+Extension.m */; };
		54D30E4B247D1EDA00715200 /* iconfont.js in Resources */ = {isa = PBXBuildFile; fileRef = 54D30E41247D1EDA00715200 /* iconfont.js */; };
		54D30E4C247D1EDA00715200 /* demo.css in Resources */ = {isa = PBXBuildFile; fileRef = 54D30E42247D1EDA00715200 /* demo.css */; };
		54D30E4D247D1EDA00715200 /* iconfont.json in Resources */ = {isa = PBXBuildFile; fileRef = 54D30E43247D1EDA00715200 /* iconfont.json */; };
		54D30E4E247D1EDA00715200 /* iconfont.woff in Resources */ = {isa = PBXBuildFile; fileRef = 54D30E44247D1EDA00715200 /* iconfont.woff */; };
		54D30E4F247D1EDA00715200 /* iconfont.eot in Resources */ = {isa = PBXBuildFile; fileRef = 54D30E45247D1EDA00715200 /* iconfont.eot */; };
		54D30E50247D1EDA00715200 /* iconfont.ttf in Resources */ = {isa = PBXBuildFile; fileRef = 54D30E46247D1EDA00715200 /* iconfont.ttf */; };
		54D30E51247D1EDA00715200 /* demo_index.html in Resources */ = {isa = PBXBuildFile; fileRef = 54D30E47247D1EDA00715200 /* demo_index.html */; };
		54D30E52247D1EDA00715200 /* iconfont.woff2 in Resources */ = {isa = PBXBuildFile; fileRef = 54D30E48247D1EDA00715200 /* iconfont.woff2 */; };
		54D30E53247D1EDA00715200 /* iconfont.svg in Resources */ = {isa = PBXBuildFile; fileRef = 54D30E49247D1EDA00715200 /* iconfont.svg */; };
		54D30E54247D1EDA00715200 /* iconfont.css in Resources */ = {isa = PBXBuildFile; fileRef = 54D30E4A247D1EDA00715200 /* iconfont.css */; };
		54D30E59247D22AA00715200 /* UIImage+WLCompress.m in Sources */ = {isa = PBXBuildFile; fileRef = 54D30E56247D22AA00715200 /* UIImage+WLCompress.m */; };
		54D30E5A247D22AA00715200 /* UIImage+Extension.m in Sources */ = {isa = PBXBuildFile; fileRef = 54D30E57247D22AA00715200 /* UIImage+Extension.m */; };
/* End PBXBuildFile section */

/* Begin PBXFileReference section */
		30EF7905F3B5ECAB405F3F6F /* Pods-ios_demo.release.xcconfig */ = {isa = PBXFileReference; includeInIndex = 1; lastKnownFileType = text.xcconfig; name = "Pods-ios_demo.release.xcconfig"; path = "Target Support Files/Pods-ios_demo/Pods-ios_demo.release.xcconfig"; sourceTree = "<group>"; };
		54D23A452468EFCC00F19423 /* ios_demo.app */ = {isa = PBXFileReference; explicitFileType = wrapper.application; includeInIndex = 0; path = ios_demo.app; sourceTree = BUILT_PRODUCTS_DIR; };
		54D23A482468EFCC00F19423 /* AppDelegate.h */ = {isa = PBXFileReference; lastKnownFileType = sourcecode.c.h; path = AppDelegate.h; sourceTree = "<group>"; };
		54D23A492468EFCC00F19423 /* AppDelegate.m */ = {isa = PBXFileReference; lastKnownFileType = sourcecode.c.objc; path = AppDelegate.m; sourceTree = "<group>"; };
		54D23A4E2468EFCC00F19423 /* ViewController.h */ = {isa = PBXFileReference; lastKnownFileType = sourcecode.c.h; path = ViewController.h; sourceTree = "<group>"; };
		54D23A4F2468EFCC00F19423 /* ViewController.m */ = {isa = PBXFileReference; lastKnownFileType = sourcecode.c.objc; path = ViewController.m; sourceTree = "<group>"; };
		54D23A542468EFCD00F19423 /* Assets.xcassets */ = {isa = PBXFileReference; lastKnownFileType = folder.assetcatalog; path = Assets.xcassets; sourceTree = "<group>"; };
		54D23A572468EFCD00F19423 /* Base */ = {isa = PBXFileReference; lastKnownFileType = file.storyboard; name = Base; path = Base.lproj/LaunchScreen.storyboard; sourceTree = "<group>"; };
		54D23A592468EFCD00F19423 /* Info.plist */ = {isa = PBXFileReference; lastKnownFileType = text.plist.xml; path = Info.plist; sourceTree = "<group>"; };
		54D23A5A2468EFCD00F19423 /* main.m */ = {isa = PBXFileReference; lastKnownFileType = sourcecode.c.objc; path = main.m; sourceTree = "<group>"; };
		54D23A612468F1C300F19423 /* Prefix.pch */ = {isa = PBXFileReference; lastKnownFileType = sourcecode.c.h; path = Prefix.pch; sourceTree = "<group>"; };
		54D30DD2247CEA6000715200 /* WebViewController.h */ = {isa = PBXFileReference; lastKnownFileType = sourcecode.c.h; path = WebViewController.h; sourceTree = "<group>"; };
		54D30DD3247CEA6000715200 /* WebViewController.m */ = {isa = PBXFileReference; lastKnownFileType = sourcecode.c.objc; path = WebViewController.m; sourceTree = "<group>"; };
		54D30E06247D188E00715200 /* TVAutoHeightVC.h */ = {isa = PBXFileReference; lastKnownFileType = sourcecode.c.h; path = TVAutoHeightVC.h; sourceTree = "<group>"; };
		54D30E07247D188E00715200 /* TVAutoHeightVC.m */ = {isa = PBXFileReference; lastKnownFileType = sourcecode.c.objc; path = TVAutoHeightVC.m; sourceTree = "<group>"; };
		54D30E09247D18AD00715200 /* TVAutoHeightCell.h */ = {isa = PBXFileReference; lastKnownFileType = sourcecode.c.h; path = TVAutoHeightCell.h; sourceTree = "<group>"; };
		54D30E0A247D18AD00715200 /* TVAutoHeightCell.m */ = {isa = PBXFileReference; lastKnownFileType = sourcecode.c.objc; path = TVAutoHeightCell.m; sourceTree = "<group>"; };
		54D30E0D247D1A0C00715200 /* Model.h */ = {isa = PBXFileReference; lastKnownFileType = sourcecode.c.h; path = Model.h; sourceTree = "<group>"; };
		54D30E0E247D1A4400715200 /* Model.m */ = {isa = PBXFileReference; lastKnownFileType = sourcecode.c.objc; path = Model.m; sourceTree = "<group>"; };
		54D30E15247D1CA000715200 /* NSString+Extension.h */ = {isa = PBXFileReference; fileEncoding = 4; lastKnownFileType = sourcecode.c.h; path = "NSString+Extension.h"; sourceTree = "<group>"; };
		54D30E16247D1CA000715200 /* UILabel+Extension.m */ = {isa = PBXFileReference; fileEncoding = 4; lastKnownFileType = sourcecode.c.objc; path = "UILabel+Extension.m"; sourceTree = "<group>"; };
		54D30E23247D1CA000715200 /* UILabel+Extension.h */ = {isa = PBXFileReference; fileEncoding = 4; lastKnownFileType = sourcecode.c.h; path = "UILabel+Extension.h"; sourceTree = "<group>"; };
		54D30E24247D1CA000715200 /* NSString+Extension.m */ = {isa = PBXFileReference; fileEncoding = 4; lastKnownFileType = sourcecode.c.objc; path = "NSString+Extension.m"; sourceTree = "<group>"; };
		54D30E26247D1CA000715200 /* Category.h */ = {isa = PBXFileReference; fileEncoding = 4; lastKnownFileType = sourcecode.c.h; path = Category.h; sourceTree = "<group>"; };
		54D30E3C247D1D2200715200 /* UIView+Extension.h */ = {isa = PBXFileReference; fileEncoding = 4; lastKnownFileType = sourcecode.c.h; path = "UIView+Extension.h"; sourceTree = "<group>"; };
		54D30E3D247D1D2200715200 /* UIView+Extension.m */ = {isa = PBXFileReference; fileEncoding = 4; lastKnownFileType = sourcecode.c.objc; path = "UIView+Extension.m"; sourceTree = "<group>"; };
		54D30E3F247D1D6900715200 /* Macro.h */ = {isa = PBXFileReference; lastKnownFileType = sourcecode.c.h; path = Macro.h; sourceTree = "<group>"; };
		54D30E41247D1EDA00715200 /* iconfont.js */ = {isa = PBXFileReference; fileEncoding = 4; lastKnownFileType = sourcecode.javascript; path = iconfont.js; sourceTree = "<group>"; };
		54D30E42247D1EDA00715200 /* demo.css */ = {isa = PBXFileReference; fileEncoding = 4; lastKnownFileType = text.css; path = demo.css; sourceTree = "<group>"; };
		54D30E43247D1EDA00715200 /* iconfont.json */ = {isa = PBXFileReference; fileEncoding = 4; lastKnownFileType = text.json; path = iconfont.json; sourceTree = "<group>"; };
		54D30E44247D1EDA00715200 /* iconfont.woff */ = {isa = PBXFileReference; lastKnownFileType = file; path = iconfont.woff; sourceTree = "<group>"; };
		54D30E45247D1EDA00715200 /* iconfont.eot */ = {isa = PBXFileReference; lastKnownFileType = file; path = iconfont.eot; sourceTree = "<group>"; };
		54D30E46247D1EDA00715200 /* iconfont.ttf */ = {isa = PBXFileReference; lastKnownFileType = file; path = iconfont.ttf; sourceTree = "<group>"; };
		54D30E47247D1EDA00715200 /* demo_index.html */ = {isa = PBXFileReference; fileEncoding = 4; lastKnownFileType = text.html; path = demo_index.html; sourceTree = "<group>"; };
		54D30E48247D1EDA00715200 /* iconfont.woff2 */ = {isa = PBXFileReference; lastKnownFileType = file; path = iconfont.woff2; sourceTree = "<group>"; };
		54D30E49247D1EDA00715200 /* iconfont.svg */ = {isa = PBXFileReference; fileEncoding = 4; lastKnownFileType = text.xml; path = iconfont.svg; sourceTree = "<group>"; };
		54D30E4A247D1EDA00715200 /* iconfont.css */ = {isa = PBXFileReference; fileEncoding = 4; lastKnownFileType = text.css; path = iconfont.css; sourceTree = "<group>"; };
		54D30E55247D22AA00715200 /* UIImage+Extension.h */ = {isa = PBXFileReference; fileEncoding = 4; lastKnownFileType = sourcecode.c.h; path = "UIImage+Extension.h"; sourceTree = "<group>"; };
		54D30E56247D22AA00715200 /* UIImage+WLCompress.m */ = {isa = PBXFileReference; fileEncoding = 4; lastKnownFileType = sourcecode.c.objc; path = "UIImage+WLCompress.m"; sourceTree = "<group>"; };
		54D30E57247D22AA00715200 /* UIImage+Extension.m */ = {isa = PBXFileReference; fileEncoding = 4; lastKnownFileType = sourcecode.c.objc; path = "UIImage+Extension.m"; sourceTree = "<group>"; };
		54D30E58247D22AA00715200 /* UIImage+WLCompress.h */ = {isa = PBXFileReference; fileEncoding = 4; lastKnownFileType = sourcecode.c.h; path = "UIImage+WLCompress.h"; sourceTree = "<group>"; };
		5B9C68E3356A6BDF8F62CE20 /* Pods_ios_demo.framework */ = {isa = PBXFileReference; explicitFileType = wrapper.framework; includeInIndex = 0; path = Pods_ios_demo.framework; sourceTree = BUILT_PRODUCTS_DIR; };
		779422019D591250EFE33FA9 /* Pods-ios_demo.debug.xcconfig */ = {isa = PBXFileReference; includeInIndex = 1; lastKnownFileType = text.xcconfig; name = "Pods-ios_demo.debug.xcconfig"; path = "Target Support Files/Pods-ios_demo/Pods-ios_demo.debug.xcconfig"; sourceTree = "<group>"; };
/* End PBXFileReference section */

/* Begin PBXFrameworksBuildPhase section */
		54D23A422468EFCC00F19423 /* Frameworks */ = {
			isa = PBXFrameworksBuildPhase;
			buildActionMask = 2147483647;
			files = (
				4BFFB1E2947A64388057A02C /* Pods_ios_demo.framework in Frameworks */,
			);
			runOnlyForDeploymentPostprocessing = 0;
		};
/* End PBXFrameworksBuildPhase section */

/* Begin PBXGroup section */
		54D23A3C2468EFCC00F19423 = {
			isa = PBXGroup;
			children = (
				54D23A472468EFCC00F19423 /* ios_demo */,
				54D23A462468EFCC00F19423 /* Products */,
				BD84CDEB9BA0F44FFFDDC572 /* Pods */,
				ABC54C8172E6F2EE3CD1B1AE /* Frameworks */,
			);
			sourceTree = "<group>";
		};
		54D23A462468EFCC00F19423 /* Products */ = {
			isa = PBXGroup;
			children = (
				54D23A452468EFCC00F19423 /* ios_demo.app */,
			);
			name = Products;
			sourceTree = "<group>";
		};
		54D23A472468EFCC00F19423 /* ios_demo */ = {
			isa = PBXGroup;
			children = (
				54D30E40247D1EDA00715200 /* Resources */,
				54D30E10247D1CA000715200 /* Category */,
				54D30E0C247D19AC00715200 /* Model */,
				54D30E05247D182800715200 /* WebView */,
				54D30E04247D181500715200 /* TableView */,
				54D23A4E2468EFCC00F19423 /* ViewController.h */,
				54D23A4F2468EFCC00F19423 /* ViewController.m */,
				54D23A482468EFCC00F19423 /* AppDelegate.h */,
				54D23A492468EFCC00F19423 /* AppDelegate.m */,
				54D23A542468EFCD00F19423 /* Assets.xcassets */,
				54D23A592468EFCD00F19423 /* Info.plist */,
				54D23A562468EFCD00F19423 /* LaunchScreen.storyboard */,
				54D30E3F247D1D6900715200 /* Macro.h */,
				54D23A5A2468EFCD00F19423 /* main.m */,
				54D23A612468F1C300F19423 /* Prefix.pch */,
			);
			path = ios_demo;
			sourceTree = "<group>";
		};
		54D30E04247D181500715200 /* TableView */ = {
			isa = PBXGroup;
			children = (
				54D30E06247D188E00715200 /* TVAutoHeightVC.h */,
				54D30E07247D188E00715200 /* TVAutoHeightVC.m */,
				54D30E09247D18AD00715200 /* TVAutoHeightCell.h */,
				54D30E0A247D18AD00715200 /* TVAutoHeightCell.m */,
			);
			path = TableView;
			sourceTree = "<group>";
		};
		54D30E05247D182800715200 /* WebView */ = {
			isa = PBXGroup;
			children = (
				54D30DD2247CEA6000715200 /* WebViewController.h */,
				54D30DD3247CEA6000715200 /* WebViewController.m */,
			);
			path = WebView;
			sourceTree = "<group>";
		};
		54D30E0C247D19AC00715200 /* Model */ = {
			isa = PBXGroup;
			children = (
				54D30E0D247D1A0C00715200 /* Model.h */,
				54D30E0E247D1A4400715200 /* Model.m */,
			);
			path = Model;
			sourceTree = "<group>";
		};
		54D30E10247D1CA000715200 /* Category */ = {
			isa = PBXGroup;
			children = (
				54D30E55247D22AA00715200 /* UIImage+Extension.h */,
				54D30E57247D22AA00715200 /* UIImage+Extension.m */,
				54D30E58247D22AA00715200 /* UIImage+WLCompress.h */,
				54D30E56247D22AA00715200 /* UIImage+WLCompress.m */,
				54D30E26247D1CA000715200 /* Category.h */,
				54D30E3C247D1D2200715200 /* UIView+Extension.h */,
				54D30E3D247D1D2200715200 /* UIView+Extension.m */,
				54D30E15247D1CA000715200 /* NSString+Extension.h */,
				54D30E24247D1CA000715200 /* NSString+Extension.m */,
				54D30E23247D1CA000715200 /* UILabel+Extension.h */,
				54D30E16247D1CA000715200 /* UILabel+Extension.m */,
			);
			path = Category;
			sourceTree = "<group>";
		};
		54D30E40247D1EDA00715200 /* Resources */ = {
			isa = PBXGroup;
			children = (
				54D30E41247D1EDA00715200 /* iconfont.js */,
				54D30E42247D1EDA00715200 /* demo.css */,
				54D30E43247D1EDA00715200 /* iconfont.json */,
				54D30E44247D1EDA00715200 /* iconfont.woff */,
				54D30E45247D1EDA00715200 /* iconfont.eot */,
				54D30E46247D1EDA00715200 /* iconfont.ttf */,
				54D30E47247D1EDA00715200 /* demo_index.html */,
				54D30E48247D1EDA00715200 /* iconfont.woff2 */,
				54D30E49247D1EDA00715200 /* iconfont.svg */,
				54D30E4A247D1EDA00715200 /* iconfont.css */,
			);
			path = Resources;
			sourceTree = "<group>";
		};
		ABC54C8172E6F2EE3CD1B1AE /* Frameworks */ = {
			isa = PBXGroup;
			children = (
				5B9C68E3356A6BDF8F62CE20 /* Pods_ios_demo.framework */,
			);
			name = Frameworks;
			sourceTree = "<group>";
		};
		BD84CDEB9BA0F44FFFDDC572 /* Pods */ = {
			isa = PBXGroup;
			children = (
				779422019D591250EFE33FA9 /* Pods-ios_demo.debug.xcconfig */,
				30EF7905F3B5ECAB405F3F6F /* Pods-ios_demo.release.xcconfig */,
			);
			path = Pods;
			sourceTree = "<group>";
		};
/* End PBXGroup section */

/* Begin PBXNativeTarget section */
		54D23A442468EFCC00F19423 /* ios_demo */ = {
			isa = PBXNativeTarget;
			buildConfigurationList = 54D23A5E2468EFCD00F19423 /* Build configuration list for PBXNativeTarget "ios_demo" */;
			buildPhases = (
				8944CE7D35F751E0D3C18C6C /* [CP] Check Pods Manifest.lock */,
				54D23A412468EFCC00F19423 /* Sources */,
				54D23A422468EFCC00F19423 /* Frameworks */,
				54D23A432468EFCC00F19423 /* Resources */,
				043BE602ACF884DF4D9D1947 /* [CP] Embed Pods Frameworks */,
			);
			buildRules = (
			);
			dependencies = (
			);
			name = ios_demo;
			productName = ios_demo;
			productReference = 54D23A452468EFCC00F19423 /* ios_demo.app */;
			productType = "com.apple.product-type.application";
		};
/* End PBXNativeTarget section */

/* Begin PBXProject section */
		54D23A3D2468EFCC00F19423 /* Project object */ = {
			isa = PBXProject;
			attributes = {
				LastUpgradeCheck = 1130;
				ORGANIZATIONNAME = leiyinchun;
				TargetAttributes = {
					54D23A442468EFCC00F19423 = {
						CreatedOnToolsVersion = 11.3.1;
					};
				};
			};
			buildConfigurationList = 54D23A402468EFCC00F19423 /* Build configuration list for PBXProject "ios_demo" */;
			compatibilityVersion = "Xcode 9.3";
			developmentRegion = en;
			hasScannedForEncodings = 0;
			knownRegions = (
				en,
				Base,
			);
			mainGroup = 54D23A3C2468EFCC00F19423;
			productRefGroup = 54D23A462468EFCC00F19423 /* Products */;
			projectDirPath = "";
			projectRoot = "";
			targets = (
				54D23A442468EFCC00F19423 /* ios_demo */,
			);
		};
/* End PBXProject section */

/* Begin PBXResourcesBuildPhase section */
		54D23A432468EFCC00F19423 /* Resources */ = {
			isa = PBXResourcesBuildPhase;
			buildActionMask = 2147483647;
			files = (
				54D30E50247D1EDA00715200 /* iconfont.ttf in Resources */,
				54D30E4F247D1EDA00715200 /* iconfont.eot in Resources */,
				54D30E4C247D1EDA00715200 /* demo.css in Resources */,
				54D30E4D247D1EDA00715200 /* iconfont.json in Resources */,
				54D30E4B247D1EDA00715200 /* iconfont.js in Resources */,
				54D30E53247D1EDA00715200 /* iconfont.svg in Resources */,
				54D23A582468EFCD00F19423 /* LaunchScreen.storyboard in Resources */,
				54D23A552468EFCD00F19423 /* Assets.xcassets in Resources */,
				54D30E51247D1EDA00715200 /* demo_index.html in Resources */,
				54D30E52247D1EDA00715200 /* iconfont.woff2 in Resources */,
				54D30E4E247D1EDA00715200 /* iconfont.woff in Resources */,
				54D30E54247D1EDA00715200 /* iconfont.css in Resources */,
			);
			runOnlyForDeploymentPostprocessing = 0;
		};
/* End PBXResourcesBuildPhase section */

/* Begin PBXShellScriptBuildPhase section */
		043BE602ACF884DF4D9D1947 /* [CP] Embed Pods Frameworks */ = {
			isa = PBXShellScriptBuildPhase;
			buildActionMask = 2147483647;
			files = (
			);
			inputFileListPaths = (
				"${PODS_ROOT}/Target Support Files/Pods-ios_demo/Pods-ios_demo-frameworks-${CONFIGURATION}-input-files.xcfilelist",
			);
			name = "[CP] Embed Pods Frameworks";
			outputFileListPaths = (
				"${PODS_ROOT}/Target Support Files/Pods-ios_demo/Pods-ios_demo-frameworks-${CONFIGURATION}-output-files.xcfilelist",
			);
			runOnlyForDeploymentPostprocessing = 0;
			shellPath = /bin/sh;
			shellScript = "\"${PODS_ROOT}/Target Support Files/Pods-ios_demo/Pods-ios_demo-frameworks.sh\"\n";
			showEnvVarsInLog = 0;
		};
		8944CE7D35F751E0D3C18C6C /* [CP] Check Pods Manifest.lock */ = {
			isa = PBXShellScriptBuildPhase;
			buildActionMask = 2147483647;
			files = (
			);
			inputFileListPaths = (
			);
			inputPaths = (
				"${PODS_PODFILE_DIR_PATH}/Podfile.lock",
				"${PODS_ROOT}/Manifest.lock",
			);
			name = "[CP] Check Pods Manifest.lock";
			outputFileListPaths = (
			);
			outputPaths = (
				"$(DERIVED_FILE_DIR)/Pods-ios_demo-checkManifestLockResult.txt",
			);
			runOnlyForDeploymentPostprocessing = 0;
			shellPath = /bin/sh;
			shellScript = "diff \"${PODS_PODFILE_DIR_PATH}/Podfile.lock\" \"${PODS_ROOT}/Manifest.lock\" > /dev/null\nif [ $? != 0 ] ; then\n    # print error to STDERR\n    echo \"error: The sandbox is not in sync with the Podfile.lock. Run 'pod install' or update your CocoaPods installation.\" >&2\n    exit 1\nfi\n# This output is used by Xcode 'outputs' to avoid re-running this script phase.\necho \"SUCCESS\" > \"${SCRIPT_OUTPUT_FILE_0}\"\n";
			showEnvVarsInLog = 0;
		};
/* End PBXShellScriptBuildPhase section */

/* Begin PBXSourcesBuildPhase section */
		54D23A412468EFCC00F19423 /* Sources */ = {
			isa = PBXSourcesBuildPhase;
			buildActionMask = 2147483647;
			files = (
				54D30E3E247D1D2200715200 /* UIView+Extension.m in Sources */,
				54D23A502468EFCC00F19423 /* ViewController.m in Sources */,
				54D30E0B247D18AD00715200 /* TVAutoHeightCell.m in Sources */,
				54D30E5A247D22AA00715200 /* UIImage+Extension.m in Sources */,
				54D30E0F247D1A4400715200 /* Model.m in Sources */,
				54D30E59247D22AA00715200 /* UIImage+WLCompress.m in Sources */,
				54D30DD4247CEA6000715200 /* WebViewController.m in Sources */,
				54D30E08247D188E00715200 /* TVAutoHeightVC.m in Sources */,
				54D23A4A2468EFCC00F19423 /* AppDelegate.m in Sources */,
				54D30E30247D1CA000715200 /* UILabel+Extension.m in Sources */,
				54D30E35247D1CA000715200 /* NSString+Extension.m in Sources */,
				54D23A5B2468EFCD00F19423 /* main.m in Sources */,
			);
			runOnlyForDeploymentPostprocessing = 0;
		};
/* End PBXSourcesBuildPhase section */

/* Begin PBXVariantGroup section */
		54D23A562468EFCD00F19423 /* LaunchScreen.storyboard */ = {
			isa = PBXVariantGroup;
			children = (
				54D23A572468EFCD00F19423 /* Base */,
			);
			name = LaunchScreen.storyboard;
			sourceTree = "<group>";
		};
/* End PBXVariantGroup section */

/* Begin XCBuildConfiguration section */
		54D23A5C2468EFCD00F19423 /* Debug */ = {
			isa = XCBuildConfiguration;
			buildSettings = {
				ALWAYS_SEARCH_USER_PATHS = NO;
				CLANG_ANALYZER_NONNULL = YES;
				CLANG_ANALYZER_NUMBER_OBJECT_CONVERSION = YES_AGGRESSIVE;
				CLANG_CXX_LANGUAGE_STANDARD = "gnu++14";
				CLANG_CXX_LIBRARY = "libc++";
				CLANG_ENABLE_MODULES = YES;
				CLANG_ENABLE_OBJC_ARC = YES;
				CLANG_ENABLE_OBJC_WEAK = YES;
				CLANG_WARN_BLOCK_CAPTURE_AUTORELEASING = YES;
				CLANG_WARN_BOOL_CONVERSION = YES;
				CLANG_WARN_COMMA = YES;
				CLANG_WARN_CONSTANT_CONVERSION = YES;
				CLANG_WARN_DEPRECATED_OBJC_IMPLEMENTATIONS = YES;
				CLANG_WARN_DIRECT_OBJC_ISA_USAGE = YES_ERROR;
				CLANG_WARN_DOCUMENTATION_COMMENTS = YES;
				CLANG_WARN_EMPTY_BODY = YES;
				CLANG_WARN_ENUM_CONVERSION = YES;
				CLANG_WARN_INFINITE_RECURSION = YES;
				CLANG_WARN_INT_CONVERSION = YES;
				CLANG_WARN_NON_LITERAL_NULL_CONVERSION = YES;
				CLANG_WARN_OBJC_IMPLICIT_RETAIN_SELF = YES;
				CLANG_WARN_OBJC_LITERAL_CONVERSION = YES;
				CLANG_WARN_OBJC_ROOT_CLASS = YES_ERROR;
				CLANG_WARN_RANGE_LOOP_ANALYSIS = YES;
				CLANG_WARN_STRICT_PROTOTYPES = YES;
				CLANG_WARN_SUSPICIOUS_MOVE = YES;
				CLANG_WARN_UNGUARDED_AVAILABILITY = YES_AGGRESSIVE;
				CLANG_WARN_UNREACHABLE_CODE = YES;
				CLANG_WARN__DUPLICATE_METHOD_MATCH = YES;
				COPY_PHASE_STRIP = NO;
				DEBUG_INFORMATION_FORMAT = dwarf;
				ENABLE_STRICT_OBJC_MSGSEND = YES;
				ENABLE_TESTABILITY = YES;
				GCC_C_LANGUAGE_STANDARD = gnu11;
				GCC_DYNAMIC_NO_PIC = NO;
				GCC_NO_COMMON_BLOCKS = YES;
				GCC_OPTIMIZATION_LEVEL = 0;
				GCC_PREPROCESSOR_DEFINITIONS = (
					"DEBUG=1",
					"$(inherited)",
				);
				GCC_WARN_64_TO_32_BIT_CONVERSION = YES;
				GCC_WARN_ABOUT_RETURN_TYPE = YES_ERROR;
				GCC_WARN_UNDECLARED_SELECTOR = YES;
				GCC_WARN_UNINITIALIZED_AUTOS = YES_AGGRESSIVE;
				GCC_WARN_UNUSED_FUNCTION = YES;
				GCC_WARN_UNUSED_VARIABLE = YES;
				IPHONEOS_DEPLOYMENT_TARGET = 13.2;
				MTL_ENABLE_DEBUG_INFO = INCLUDE_SOURCE;
				MTL_FAST_MATH = YES;
				ONLY_ACTIVE_ARCH = YES;
				SDKROOT = iphoneos;
			};
			name = Debug;
		};
		54D23A5D2468EFCD00F19423 /* Release */ = {
			isa = XCBuildConfiguration;
			buildSettings = {
				ALWAYS_SEARCH_USER_PATHS = NO;
				CLANG_ANALYZER_NONNULL = YES;
				CLANG_ANALYZER_NUMBER_OBJECT_CONVERSION = YES_AGGRESSIVE;
				CLANG_CXX_LANGUAGE_STANDARD = "gnu++14";
				CLANG_CXX_LIBRARY = "libc++";
				CLANG_ENABLE_MODULES = YES;
				CLANG_ENABLE_OBJC_ARC = YES;
				CLANG_ENABLE_OBJC_WEAK = YES;
				CLANG_WARN_BLOCK_CAPTURE_AUTORELEASING = YES;
				CLANG_WARN_BOOL_CONVERSION = YES;
				CLANG_WARN_COMMA = YES;
				CLANG_WARN_CONSTANT_CONVERSION = YES;
				CLANG_WARN_DEPRECATED_OBJC_IMPLEMENTATIONS = YES;
				CLANG_WARN_DIRECT_OBJC_ISA_USAGE = YES_ERROR;
				CLANG_WARN_DOCUMENTATION_COMMENTS = YES;
				CLANG_WARN_EMPTY_BODY = YES;
				CLANG_WARN_ENUM_CONVERSION = YES;
				CLANG_WARN_INFINITE_RECURSION = YES;
				CLANG_WARN_INT_CONVERSION = YES;
				CLANG_WARN_NON_LITERAL_NULL_CONVERSION = YES;
				CLANG_WARN_OBJC_IMPLICIT_RETAIN_SELF = YES;
				CLANG_WARN_OBJC_LITERAL_CONVERSION = YES;
				CLANG_WARN_OBJC_ROOT_CLASS = YES_ERROR;
				CLANG_WARN_RANGE_LOOP_ANALYSIS = YES;
				CLANG_WARN_STRICT_PROTOTYPES = YES;
				CLANG_WARN_SUSPICIOUS_MOVE = YES;
				CLANG_WARN_UNGUARDED_AVAILABILITY = YES_AGGRESSIVE;
				CLANG_WARN_UNREACHABLE_CODE = YES;
				CLANG_WARN__DUPLICATE_METHOD_MATCH = YES;
				COPY_PHASE_STRIP = NO;
				DEBUG_INFORMATION_FORMAT = "dwarf-with-dsym";
				ENABLE_NS_ASSERTIONS = NO;
				ENABLE_STRICT_OBJC_MSGSEND = YES;
				GCC_C_LANGUAGE_STANDARD = gnu11;
				GCC_NO_COMMON_BLOCKS = YES;
				GCC_WARN_64_TO_32_BIT_CONVERSION = YES;
				GCC_WARN_ABOUT_RETURN_TYPE = YES_ERROR;
				GCC_WARN_UNDECLARED_SELECTOR = YES;
				GCC_WARN_UNINITIALIZED_AUTOS = YES_AGGRESSIVE;
				GCC_WARN_UNUSED_FUNCTION = YES;
				GCC_WARN_UNUSED_VARIABLE = YES;
				IPHONEOS_DEPLOYMENT_TARGET = 13.2;
				MTL_ENABLE_DEBUG_INFO = NO;
				MTL_FAST_MATH = YES;
				SDKROOT = iphoneos;
				VALIDATE_PRODUCT = YES;
			};
			name = Release;
		};
		54D23A5F2468EFCD00F19423 /* Debug */ = {
			isa = XCBuildConfiguration;
			baseConfigurationReference = 779422019D591250EFE33FA9 /* Pods-ios_demo.debug.xcconfig */;
			buildSettings = {
				ASSETCATALOG_COMPILER_APPICON_NAME = AppIcon;
				CODE_SIGN_STYLE = Automatic;
				DEVELOPMENT_TEAM = 965844UVNN;
				GCC_PREFIX_HEADER = "$(PROJECT_DIR)/ios_demo/Prefix.pch";
				INFOPLIST_FILE = ios_demo/Info.plist;
				LD_RUNPATH_SEARCH_PATHS = (
					"$(inherited)",
					"@executable_path/Frameworks",
				);
				MARKETING_VERSION = 1.0.0;
				PRODUCT_BUNDLE_IDENTIFIER = "com.leiyinchun.ios-demo";
				PRODUCT_NAME = "$(TARGET_NAME)";
				TARGETED_DEVICE_FAMILY = 1;
			};
			name = Debug;
		};
		54D23A602468EFCD00F19423 /* Release */ = {
			isa = XCBuildConfiguration;
			baseConfigurationReference = 30EF7905F3B5ECAB405F3F6F /* Pods-ios_demo.release.xcconfig */;
			buildSettings = {
				ASSETCATALOG_COMPILER_APPICON_NAME = AppIcon;
				CODE_SIGN_STYLE = Automatic;
				DEVELOPMENT_TEAM = 965844UVNN;
				GCC_PREFIX_HEADER = "$(PROJECT_DIR)/ios_demo/Prefix.pch";
				INFOPLIST_FILE = ios_demo/Info.plist;
				LD_RUNPATH_SEARCH_PATHS = (
					"$(inherited)",
					"@executable_path/Frameworks",
				);
				MARKETING_VERSION = 1.0.0;
				PRODUCT_BUNDLE_IDENTIFIER = "com.leiyinchun.ios-demo";
				PRODUCT_NAME = "$(TARGET_NAME)";
				TARGETED_DEVICE_FAMILY = 1;
			};
			name = Release;
		};
/* End XCBuildConfiguration section */

/* Begin XCConfigurationList section */
		54D23A402468EFCC00F19423 /* Build configuration list for PBXProject "ios_demo" */ = {
			isa = XCConfigurationList;
			buildConfigurations = (
				54D23A5C2468EFCD00F19423 /* Debug */,
				54D23A5D2468EFCD00F19423 /* Release */,
			);
			defaultConfigurationIsVisible = 0;
			defaultConfigurationName = Release;
		};
		54D23A5E2468EFCD00F19423 /* Build configuration list for PBXNativeTarget "ios_demo" */ = {
			isa = XCConfigurationList;
			buildConfigurations = (
				54D23A5F2468EFCD00F19423 /* Debug */,
				54D23A602468EFCD00F19423 /* Release */,
			);
			defaultConfigurationIsVisible = 0;
			defaultConfigurationName = Release;
		};
/* End XCConfigurationList section */
	};
	rootObject = 54D23A3D2468EFCC00F19423 /* Project object */;
}
